
Microsoft Visual Studio Solution File, Format Version 12.00
# Visual Studio Version 16
VisualStudioVersion = 16.0.31205.134
MinimumVisualStudioVersion = 10.0.40219.1
Project("{FAE04EC0-301F-11D3-BF4B-00C04F79EFBC}") = "08. Divisible by 3", "08. Divisible by 3.csproj", "{28DB77A2-2899-41E7-9F29-786147DD232A}"
EndProject
Global
	GlobalSection(SolutionConfigurationPlatforms) = preSolution
		Debug|Any CPU = Debug|Any CPU
		Release|Any CPU = Release|Any CPU
	EndGlobalSection
	GlobalSection(ProjectConfigurationPlatforms) = postSolution
		{28DB77A2-2899-41E7-9F29-786147DD232A}.Debug|Any CPU.ActiveCfg = Debug|Any CPU
		{28DB77A2-2899-41E7-9F29-786147DD232A}.Debug|Any CPU.Build.0 = Debug|Any CPU
		{28DB77A2-2899-41E7-9F29-786147DD232A}.Release|Any CPU.ActiveCfg = Release|Any CPU
		{28DB77A2-2899-41E7-9F29-786147DD232A}.Release|Any CPU.Build.0 = Release|Any CPU
	EndGlobalSection
	GlobalSection(SolutionProperties) = preSolution
		HideSolutionNode = FALSE
	EndGlobalSection
	GlobalSection(ExtensibilityGlobals) = postSolution
		SolutionGuid = {1176A7E9-D183-43AF-BE24-46D5E842D289}
	EndGlobalSection
EndGlobal
