
Microsoft Visual Studio Solution File, Format Version 12.00
# Visual Studio Version 16
VisualStudioVersion = 16.0.31702.278
MinimumVisualStudioVersion = 10.0.40219.1
Project("{FAE04EC0-301F-11D3-BF4B-00C04F79EFBC}") = "4. List of Products", "4. List of Products\4. List of Products.csproj", "{8365BDA6-343D-40DF-90CC-D816CE6E9C1D}"
EndProject
Global
	GlobalSection(SolutionConfigurationPlatforms) = preSolution
		Debug|Any CPU = Debug|Any CPU
		Release|Any CPU = Release|Any CPU
	EndGlobalSection
	GlobalSection(ProjectConfigurationPlatforms) = postSolution
		{8365BDA6-343D-40DF-90CC-D816CE6E9C1D}.Debug|Any CPU.ActiveCfg = Debug|Any CPU
		{8365BDA6-343D-40DF-90CC-D816CE6E9C1D}.Debug|Any CPU.Build.0 = Debug|Any CPU
		{8365BDA6-343D-40DF-90CC-D816CE6E9C1D}.Release|Any CPU.ActiveCfg = Release|Any CPU
		{8365BDA6-343D-40DF-90CC-D816CE6E9C1D}.Release|Any CPU.Build.0 = Release|Any CPU
	EndGlobalSection
	GlobalSection(SolutionProperties) = preSolution
		HideSolutionNode = FALSE
	EndGlobalSection
	GlobalSection(ExtensibilityGlobals) = postSolution
		SolutionGuid = {A83D9651-6226-469F-869D-2CF58348AC18}
	EndGlobalSection
EndGlobal
