
Microsoft Visual Studio Solution File, Format Version 12.00
# Visual Studio Version 17
VisualStudioVersion = 17.1.32319.34
MinimumVisualStudioVersion = 10.0.40219.1
Project("{FAE04EC0-301F-11D3-BF4B-00C04F79EFBC}") = "01. Sort Even Numbers", "01. Sort Even Numbers\01. Sort Even Numbers.csproj", "{BEB1F183-96B5-4A62-9B35-1126AD3CB73B}"
EndProject
Project("{FAE04EC0-301F-11D3-BF4B-00C04F79EFBC}") = "02. Sum Numbers", "02. Sum Numbers\02. Sum Numbers.csproj", "{E623C736-2279-4928-AD7A-815689C0004C}"
EndProject
Project("{FAE04EC0-301F-11D3-BF4B-00C04F79EFBC}") = "03. Count Uppercase Words", "03. Count Uppercase Words\03. Count Uppercase Words.csproj", "{D3A8B1BE-A154-4DD4-8EB9-A2E5C70B5F4E}"
EndProject
Project("{FAE04EC0-301F-11D3-BF4B-00C04F79EFBC}") = "04. Add VAT", "04. Add VAT\04. Add VAT.csproj", "{2044B96E-E621-4D84-B79F-B2E0CCC8499B}"
EndProject
Project("{FAE04EC0-301F-11D3-BF4B-00C04F79EFBC}") = "05. Filter By Age", "05. Filter By Age\05. Filter By Age.csproj", "{6CE5E045-B7F5-4A64-9A80-7332DC0ED5F2}"
EndProject
Global
	GlobalSection(SolutionConfigurationPlatforms) = preSolution
		Debug|Any CPU = Debug|Any CPU
		Release|Any CPU = Release|Any CPU
	EndGlobalSection
	GlobalSection(ProjectConfigurationPlatforms) = postSolution
		{BEB1F183-96B5-4A62-9B35-1126AD3CB73B}.Debug|Any CPU.ActiveCfg = Debug|Any CPU
		{BEB1F183-96B5-4A62-9B35-1126AD3CB73B}.Debug|Any CPU.Build.0 = Debug|Any CPU
		{BEB1F183-96B5-4A62-9B35-1126AD3CB73B}.Release|Any CPU.ActiveCfg = Release|Any CPU
		{BEB1F183-96B5-4A62-9B35-1126AD3CB73B}.Release|Any CPU.Build.0 = Release|Any CPU
		{E623C736-2279-4928-AD7A-815689C0004C}.Debug|Any CPU.ActiveCfg = Debug|Any CPU
		{E623C736-2279-4928-AD7A-815689C0004C}.Debug|Any CPU.Build.0 = Debug|Any CPU
		{E623C736-2279-4928-AD7A-815689C0004C}.Release|Any CPU.ActiveCfg = Release|Any CPU
		{E623C736-2279-4928-AD7A-815689C0004C}.Release|Any CPU.Build.0 = Release|Any CPU
		{D3A8B1BE-A154-4DD4-8EB9-A2E5C70B5F4E}.Debug|Any CPU.ActiveCfg = Debug|Any CPU
		{D3A8B1BE-A154-4DD4-8EB9-A2E5C70B5F4E}.Debug|Any CPU.Build.0 = Debug|Any CPU
		{D3A8B1BE-A154-4DD4-8EB9-A2E5C70B5F4E}.Release|Any CPU.ActiveCfg = Release|Any CPU
		{D3A8B1BE-A154-4DD4-8EB9-A2E5C70B5F4E}.Release|Any CPU.Build.0 = Release|Any CPU
		{2044B96E-E621-4D84-B79F-B2E0CCC8499B}.Debug|Any CPU.ActiveCfg = Debug|Any CPU
		{2044B96E-E621-4D84-B79F-B2E0CCC8499B}.Debug|Any CPU.Build.0 = Debug|Any CPU
		{2044B96E-E621-4D84-B79F-B2E0CCC8499B}.Release|Any CPU.ActiveCfg = Release|Any CPU
		{2044B96E-E621-4D84-B79F-B2E0CCC8499B}.Release|Any CPU.Build.0 = Release|Any CPU
		{6CE5E045-B7F5-4A64-9A80-7332DC0ED5F2}.Debug|Any CPU.ActiveCfg = Debug|Any CPU
		{6CE5E045-B7F5-4A64-9A80-7332DC0ED5F2}.Debug|Any CPU.Build.0 = Debug|Any CPU
		{6CE5E045-B7F5-4A64-9A80-7332DC0ED5F2}.Release|Any CPU.ActiveCfg = Release|Any CPU
		{6CE5E045-B7F5-4A64-9A80-7332DC0ED5F2}.Release|Any CPU.Build.0 = Release|Any CPU
	EndGlobalSection
	GlobalSection(SolutionProperties) = preSolution
		HideSolutionNode = FALSE
	EndGlobalSection
	GlobalSection(ExtensibilityGlobals) = postSolution
		SolutionGuid = {73989051-5A8F-47CF-9623-2E0A890C4D8D}
	EndGlobalSection
EndGlobal
