
Microsoft Visual Studio Solution File, Format Version 12.00
# Visual Studio Version 16
VisualStudioVersion = 16.0.31205.134
MinimumVisualStudioVersion = 10.0.40219.1
Project("{FAE04EC0-301F-11D3-BF4B-00C04F79EFBC}") = "05. Print Part Of ASCII Table", "05. Print Part Of ASCII Table.csproj", "{621C4915-B646-41C7-9C82-4BA0FC58923C}"
EndProject
Global
	GlobalSection(SolutionConfigurationPlatforms) = preSolution
		Debug|Any CPU = Debug|Any CPU
		Release|Any CPU = Release|Any CPU
	EndGlobalSection
	GlobalSection(ProjectConfigurationPlatforms) = postSolution
		{621C4915-B646-41C7-9C82-4BA0FC58923C}.Debug|Any CPU.ActiveCfg = Debug|Any CPU
		{621C4915-B646-41C7-9C82-4BA0FC58923C}.Debug|Any CPU.Build.0 = Debug|Any CPU
		{621C4915-B646-41C7-9C82-4BA0FC58923C}.Release|Any CPU.ActiveCfg = Release|Any CPU
		{621C4915-B646-41C7-9C82-4BA0FC58923C}.Release|Any CPU.Build.0 = Release|Any CPU
	EndGlobalSection
	GlobalSection(SolutionProperties) = preSolution
		HideSolutionNode = FALSE
	EndGlobalSection
	GlobalSection(ExtensibilityGlobals) = postSolution
		SolutionGuid = {A128AEE3-E710-4E70-9731-FCEFBD82C406}
	EndGlobalSection
EndGlobal
