
Microsoft Visual Studio Solution File, Format Version 12.00
# Visual Studio Version 17
VisualStudioVersion = 17.0.31903.59
MinimumVisualStudioVersion = 10.0.40219.1
Project("{FAE04EC0-301F-11D3-BF4B-00C04F79EFBC}") = "1. Reverse Strings", "1. Reverse Strings\1. Reverse Strings.csproj", "{EA620B92-BF57-4B14-8A64-28DB37AEE10E}"
EndProject
Global
	GlobalSection(SolutionConfigurationPlatforms) = preSolution
		Debug|Any CPU = Debug|Any CPU
		Release|Any CPU = Release|Any CPU
	EndGlobalSection
	GlobalSection(ProjectConfigurationPlatforms) = postSolution
		{EA620B92-BF57-4B14-8A64-28DB37AEE10E}.Debug|Any CPU.ActiveCfg = Debug|Any CPU
		{EA620B92-BF57-4B14-8A64-28DB37AEE10E}.Debug|Any CPU.Build.0 = Debug|Any CPU
		{EA620B92-BF57-4B14-8A64-28DB37AEE10E}.Release|Any CPU.ActiveCfg = Release|Any CPU
		{EA620B92-BF57-4B14-8A64-28DB37AEE10E}.Release|Any CPU.Build.0 = Release|Any CPU
	EndGlobalSection
	GlobalSection(SolutionProperties) = preSolution
		HideSolutionNode = FALSE
	EndGlobalSection
	GlobalSection(ExtensibilityGlobals) = postSolution
		SolutionGuid = {5860278F-2C60-4AC1-8699-3E0E4ABF6E2D}
	EndGlobalSection
EndGlobal
