
Microsoft Visual Studio Solution File, Format Version 12.00
# Visual Studio Version 17
VisualStudioVersion = 17.0.31903.59
MinimumVisualStudioVersion = 10.0.40219.1
Project("{FAE04EC0-301F-11D3-BF4B-00C04F79EFBC}") = "02. Repeat Strings", "02. Repeat Strings\02. Repeat Strings.csproj", "{172B1B5F-47F4-4222-8E74-8B2B5E00EECF}"
EndProject
Global
	GlobalSection(SolutionConfigurationPlatforms) = preSolution
		Debug|Any CPU = Debug|Any CPU
		Release|Any CPU = Release|Any CPU
	EndGlobalSection
	GlobalSection(ProjectConfigurationPlatforms) = postSolution
		{172B1B5F-47F4-4222-8E74-8B2B5E00EECF}.Debug|Any CPU.ActiveCfg = Debug|Any CPU
		{172B1B5F-47F4-4222-8E74-8B2B5E00EECF}.Debug|Any CPU.Build.0 = Debug|Any CPU
		{172B1B5F-47F4-4222-8E74-8B2B5E00EECF}.Release|Any CPU.ActiveCfg = Release|Any CPU
		{172B1B5F-47F4-4222-8E74-8B2B5E00EECF}.Release|Any CPU.Build.0 = Release|Any CPU
	EndGlobalSection
	GlobalSection(SolutionProperties) = preSolution
		HideSolutionNode = FALSE
	EndGlobalSection
	GlobalSection(ExtensibilityGlobals) = postSolution
		SolutionGuid = {5FB9E492-3D91-427B-9B63-59B957BC74CF}
	EndGlobalSection
EndGlobal
