
Microsoft Visual Studio Solution File, Format Version 12.00
# Visual Studio Version 16
VisualStudioVersion = 16.0.31205.134
MinimumVisualStudioVersion = 10.0.40219.1
Project("{FAE04EC0-301F-11D3-BF4B-00C04F79EFBC}") = "10. Lower or Upper", "10. Lower or Upper.csproj", "{06736017-76E1-4A71-A96B-DFCA302008FC}"
EndProject
Global
	GlobalSection(SolutionConfigurationPlatforms) = preSolution
		Debug|Any CPU = Debug|Any CPU
		Release|Any CPU = Release|Any CPU
	EndGlobalSection
	GlobalSection(ProjectConfigurationPlatforms) = postSolution
		{06736017-76E1-4A71-A96B-DFCA302008FC}.Debug|Any CPU.ActiveCfg = Debug|Any CPU
		{06736017-76E1-4A71-A96B-DFCA302008FC}.Debug|Any CPU.Build.0 = Debug|Any CPU
		{06736017-76E1-4A71-A96B-DFCA302008FC}.Release|Any CPU.ActiveCfg = Release|Any CPU
		{06736017-76E1-4A71-A96B-DFCA302008FC}.Release|Any CPU.Build.0 = Release|Any CPU
	EndGlobalSection
	GlobalSection(SolutionProperties) = preSolution
		HideSolutionNode = FALSE
	EndGlobalSection
	GlobalSection(ExtensibilityGlobals) = postSolution
		SolutionGuid = {D8BCB70F-63BF-43F9-8DEA-9BC9CFA13EC3}
	EndGlobalSection
EndGlobal
