
Microsoft Visual Studio Solution File, Format Version 12.00
# Visual Studio Version 16
VisualStudioVersion = 16.0.31702.278
MinimumVisualStudioVersion = 10.0.40219.1
Project("{FAE04EC0-301F-11D3-BF4B-00C04F79EFBC}") = "11. Math operations", "11. Math operations\11. Math operations.csproj", "{B30FD1E7-5423-4CFD-95DD-A482C9C200EC}"
EndProject
Global
	GlobalSection(SolutionConfigurationPlatforms) = preSolution
		Debug|Any CPU = Debug|Any CPU
		Release|Any CPU = Release|Any CPU
	EndGlobalSection
	GlobalSection(ProjectConfigurationPlatforms) = postSolution
		{B30FD1E7-5423-4CFD-95DD-A482C9C200EC}.Debug|Any CPU.ActiveCfg = Debug|Any CPU
		{B30FD1E7-5423-4CFD-95DD-A482C9C200EC}.Debug|Any CPU.Build.0 = Debug|Any CPU
		{B30FD1E7-5423-4CFD-95DD-A482C9C200EC}.Release|Any CPU.ActiveCfg = Release|Any CPU
		{B30FD1E7-5423-4CFD-95DD-A482C9C200EC}.Release|Any CPU.Build.0 = Release|Any CPU
	EndGlobalSection
	GlobalSection(SolutionProperties) = preSolution
		HideSolutionNode = FALSE
	EndGlobalSection
	GlobalSection(ExtensibilityGlobals) = postSolution
		SolutionGuid = {9E6B3815-EBF5-4203-9658-E53C6D924845}
	EndGlobalSection
EndGlobal
