
Microsoft Visual Studio Solution File, Format Version 12.00
# Visual Studio Version 16
VisualStudioVersion = 16.0.31702.278
MinimumVisualStudioVersion = 10.0.40219.1
Project("{FAE04EC0-301F-11D3-BF4B-00C04F79EFBC}") = "07. Student Academy", "07. Student Academy\07. Student Academy.csproj", "{4630A441-8DD6-4580-B8CB-1AE54223A8AF}"
EndProject
Global
	GlobalSection(SolutionConfigurationPlatforms) = preSolution
		Debug|Any CPU = Debug|Any CPU
		Release|Any CPU = Release|Any CPU
	EndGlobalSection
	GlobalSection(ProjectConfigurationPlatforms) = postSolution
		{4630A441-8DD6-4580-B8CB-1AE54223A8AF}.Debug|Any CPU.ActiveCfg = Debug|Any CPU
		{4630A441-8DD6-4580-B8CB-1AE54223A8AF}.Debug|Any CPU.Build.0 = Debug|Any CPU
		{4630A441-8DD6-4580-B8CB-1AE54223A8AF}.Release|Any CPU.ActiveCfg = Release|Any CPU
		{4630A441-8DD6-4580-B8CB-1AE54223A8AF}.Release|Any CPU.Build.0 = Release|Any CPU
	EndGlobalSection
	GlobalSection(SolutionProperties) = preSolution
		HideSolutionNode = FALSE
	EndGlobalSection
	GlobalSection(ExtensibilityGlobals) = postSolution
		SolutionGuid = {A8D18D0A-AF81-415E-A59B-5E02B6E8E7CA}
	EndGlobalSection
EndGlobal
