
Microsoft Visual Studio Solution File, Format Version 12.00
# Visual Studio Version 17
VisualStudioVersion = 17.0.31903.59
MinimumVisualStudioVersion = 10.0.40219.1
Project("{FAE04EC0-301F-11D3-BF4B-00C04F79EFBC}") = "02. Match Phone Number", "02. Match Phone Number\02. Match Phone Number.csproj", "{78326050-4356-4B3E-9622-31463201A1E9}"
EndProject
Global
	GlobalSection(SolutionConfigurationPlatforms) = preSolution
		Debug|Any CPU = Debug|Any CPU
		Release|Any CPU = Release|Any CPU
	EndGlobalSection
	GlobalSection(ProjectConfigurationPlatforms) = postSolution
		{78326050-4356-4B3E-9622-31463201A1E9}.Debug|Any CPU.ActiveCfg = Debug|Any CPU
		{78326050-4356-4B3E-9622-31463201A1E9}.Debug|Any CPU.Build.0 = Debug|Any CPU
		{78326050-4356-4B3E-9622-31463201A1E9}.Release|Any CPU.ActiveCfg = Release|Any CPU
		{78326050-4356-4B3E-9622-31463201A1E9}.Release|Any CPU.Build.0 = Release|Any CPU
	EndGlobalSection
	GlobalSection(SolutionProperties) = preSolution
		HideSolutionNode = FALSE
	EndGlobalSection
	GlobalSection(ExtensibilityGlobals) = postSolution
		SolutionGuid = {3EA7EF4A-E2AE-4E03-B4E4-9A28348F7E3F}
	EndGlobalSection
EndGlobal
