
Microsoft Visual Studio Solution File, Format Version 12.00
# Visual Studio Version 16
VisualStudioVersion = 16.0.31205.134
MinimumVisualStudioVersion = 10.0.40219.1
Project("{9A19103F-16F7-4668-BE54-9A1E7A4F7556}") = "1. Encrypt, Sort and Print Array", "1. Encrypt, Sort and Print Array\1. Encrypt, Sort and Print Array.csproj", "{8F8658C9-57C6-4E69-AA30-8D79CD1610FD}"
EndProject
Project("{9A19103F-16F7-4668-BE54-9A1E7A4F7556}") = "2. Pascal Triangle", "02. Pascal Triangle\2. Pascal Triangle.csproj", "{34F01951-503F-4B3C-96A7-B11BD987B330}"
EndProject
Project("{9A19103F-16F7-4668-BE54-9A1E7A4F7556}") = "3. Recursive Fibonacci", "03. Recursive Fibonacci\3. Recursive Fibonacci.csproj", "{7A13110E-AF9A-434A-BBC9-BE119B6C746E}"
EndProject
Global
	GlobalSection(SolutionConfigurationPlatforms) = preSolution
		Debug|Any CPU = Debug|Any CPU
		Release|Any CPU = Release|Any CPU
	EndGlobalSection
	GlobalSection(ProjectConfigurationPlatforms) = postSolution
		{8F8658C9-57C6-4E69-AA30-8D79CD1610FD}.Debug|Any CPU.ActiveCfg = Debug|Any CPU
		{8F8658C9-57C6-4E69-AA30-8D79CD1610FD}.Debug|Any CPU.Build.0 = Debug|Any CPU
		{8F8658C9-57C6-4E69-AA30-8D79CD1610FD}.Release|Any CPU.ActiveCfg = Release|Any CPU
		{8F8658C9-57C6-4E69-AA30-8D79CD1610FD}.Release|Any CPU.Build.0 = Release|Any CPU
		{34F01951-503F-4B3C-96A7-B11BD987B330}.Debug|Any CPU.ActiveCfg = Debug|Any CPU
		{34F01951-503F-4B3C-96A7-B11BD987B330}.Debug|Any CPU.Build.0 = Debug|Any CPU
		{34F01951-503F-4B3C-96A7-B11BD987B330}.Release|Any CPU.ActiveCfg = Release|Any CPU
		{34F01951-503F-4B3C-96A7-B11BD987B330}.Release|Any CPU.Build.0 = Release|Any CPU
		{7A13110E-AF9A-434A-BBC9-BE119B6C746E}.Debug|Any CPU.ActiveCfg = Debug|Any CPU
		{7A13110E-AF9A-434A-BBC9-BE119B6C746E}.Debug|Any CPU.Build.0 = Debug|Any CPU
		{7A13110E-AF9A-434A-BBC9-BE119B6C746E}.Release|Any CPU.ActiveCfg = Release|Any CPU
		{7A13110E-AF9A-434A-BBC9-BE119B6C746E}.Release|Any CPU.Build.0 = Release|Any CPU
	EndGlobalSection
	GlobalSection(SolutionProperties) = preSolution
		HideSolutionNode = FALSE
	EndGlobalSection
	GlobalSection(ExtensibilityGlobals) = postSolution
		SolutionGuid = {C5A3993F-D62B-48F0-A6B9-9E39F5E08807}
	EndGlobalSection
EndGlobal
