
Microsoft Visual Studio Solution File, Format Version 12.00
# Visual Studio Version 16
VisualStudioVersion = 16.0.31702.278
MinimumVisualStudioVersion = 10.0.40219.1
Project("{FAE04EC0-301F-11D3-BF4B-00C04F79EFBC}") = "07. List Manipulation Advanced", "07. List Manipulation Advanced\07. List Manipulation Advanced.csproj", "{99596674-26BF-4B6B-BB77-545AA57DD934}"
EndProject
Global
	GlobalSection(SolutionConfigurationPlatforms) = preSolution
		Debug|Any CPU = Debug|Any CPU
		Release|Any CPU = Release|Any CPU
	EndGlobalSection
	GlobalSection(ProjectConfigurationPlatforms) = postSolution
		{99596674-26BF-4B6B-BB77-545AA57DD934}.Debug|Any CPU.ActiveCfg = Debug|Any CPU
		{99596674-26BF-4B6B-BB77-545AA57DD934}.Debug|Any CPU.Build.0 = Debug|Any CPU
		{99596674-26BF-4B6B-BB77-545AA57DD934}.Release|Any CPU.ActiveCfg = Release|Any CPU
		{99596674-26BF-4B6B-BB77-545AA57DD934}.Release|Any CPU.Build.0 = Release|Any CPU
	EndGlobalSection
	GlobalSection(SolutionProperties) = preSolution
		HideSolutionNode = FALSE
	EndGlobalSection
	GlobalSection(ExtensibilityGlobals) = postSolution
		SolutionGuid = {6CCB5886-9FA0-40F9-BC1B-249265A02105}
	EndGlobalSection
EndGlobal
