
Microsoft Visual Studio Solution File, Format Version 12.00
# Visual Studio Version 16
VisualStudioVersion = 16.0.31205.134
MinimumVisualStudioVersion = 10.0.40219.1
Project("{FAE04EC0-301F-11D3-BF4B-00C04F79EFBC}") = "1. Student Information", "1. Student Information.csproj", "{0B7BAE49-C2FF-4704-AFCF-F4562E966093}"
EndProject
Global
	GlobalSection(SolutionConfigurationPlatforms) = preSolution
		Debug|Any CPU = Debug|Any CPU
		Release|Any CPU = Release|Any CPU
	EndGlobalSection
	GlobalSection(ProjectConfigurationPlatforms) = postSolution
		{0B7BAE49-C2FF-4704-AFCF-F4562E966093}.Debug|Any CPU.ActiveCfg = Debug|Any CPU
		{0B7BAE49-C2FF-4704-AFCF-F4562E966093}.Debug|Any CPU.Build.0 = Debug|Any CPU
		{0B7BAE49-C2FF-4704-AFCF-F4562E966093}.Release|Any CPU.ActiveCfg = Release|Any CPU
		{0B7BAE49-C2FF-4704-AFCF-F4562E966093}.Release|Any CPU.Build.0 = Release|Any CPU
	EndGlobalSection
	GlobalSection(SolutionProperties) = preSolution
		HideSolutionNode = FALSE
	EndGlobalSection
	GlobalSection(ExtensibilityGlobals) = postSolution
		SolutionGuid = {019009DA-381F-4215-A121-D515DE029D92}
	EndGlobalSection
EndGlobal
