
Microsoft Visual Studio Solution File, Format Version 12.00
# Visual Studio Version 17
VisualStudioVersion = 17.1.32319.34
MinimumVisualStudioVersion = 10.0.40219.1
Project("{FAE04EC0-301F-11D3-BF4B-00C04F79EFBC}") = "01. Unique Usernames", "01. Unique Usernames\01. Unique Usernames.csproj", "{EB125F8C-38F1-4F79-B7CF-A9DD631F623A}"
EndProject
Project("{FAE04EC0-301F-11D3-BF4B-00C04F79EFBC}") = "02. Sets of Elements", "02. Sets of Elements\02. Sets of Elements.csproj", "{BB03F145-8204-42F8-B231-CFFE2F10BB21}"
EndProject
Project("{FAE04EC0-301F-11D3-BF4B-00C04F79EFBC}") = "03. Periodic Table", "03. Periodic Table\03. Periodic Table.csproj", "{685C60A8-7521-42CB-B52D-77F53A2AE0AE}"
EndProject
Project("{FAE04EC0-301F-11D3-BF4B-00C04F79EFBC}") = "04. Even Times", "04. Even Times\04. Even Times.csproj", "{068BADB7-B2F9-4DF3-AC20-7EBDFF83CC2F}"
EndProject
Project("{FAE04EC0-301F-11D3-BF4B-00C04F79EFBC}") = "05. Count Symbols", "05. Count Symbols\05. Count Symbols.csproj", "{1E95B1E3-83B6-47CD-8470-4CF60FA9BBDF}"
EndProject
Project("{FAE04EC0-301F-11D3-BF4B-00C04F79EFBC}") = "08. Ranking", "08. Ranking\08. Ranking.csproj", "{8E3B8B12-9D01-4499-8E59-F17A71153E6F}"
EndProject
Project("{FAE04EC0-301F-11D3-BF4B-00C04F79EFBC}") = "06. Wardrobe", "06. Wardrobe\06. Wardrobe.csproj", "{2BEA1051-F6D9-494B-88F6-07B62292C4C4}"
EndProject
Global
	GlobalSection(SolutionConfigurationPlatforms) = preSolution
		Debug|Any CPU = Debug|Any CPU
		Release|Any CPU = Release|Any CPU
	EndGlobalSection
	GlobalSection(ProjectConfigurationPlatforms) = postSolution
		{EB125F8C-38F1-4F79-B7CF-A9DD631F623A}.Debug|Any CPU.ActiveCfg = Debug|Any CPU
		{EB125F8C-38F1-4F79-B7CF-A9DD631F623A}.Debug|Any CPU.Build.0 = Debug|Any CPU
		{EB125F8C-38F1-4F79-B7CF-A9DD631F623A}.Release|Any CPU.ActiveCfg = Release|Any CPU
		{EB125F8C-38F1-4F79-B7CF-A9DD631F623A}.Release|Any CPU.Build.0 = Release|Any CPU
		{BB03F145-8204-42F8-B231-CFFE2F10BB21}.Debug|Any CPU.ActiveCfg = Debug|Any CPU
		{BB03F145-8204-42F8-B231-CFFE2F10BB21}.Debug|Any CPU.Build.0 = Debug|Any CPU
		{BB03F145-8204-42F8-B231-CFFE2F10BB21}.Release|Any CPU.ActiveCfg = Release|Any CPU
		{BB03F145-8204-42F8-B231-CFFE2F10BB21}.Release|Any CPU.Build.0 = Release|Any CPU
		{685C60A8-7521-42CB-B52D-77F53A2AE0AE}.Debug|Any CPU.ActiveCfg = Debug|Any CPU
		{685C60A8-7521-42CB-B52D-77F53A2AE0AE}.Debug|Any CPU.Build.0 = Debug|Any CPU
		{685C60A8-7521-42CB-B52D-77F53A2AE0AE}.Release|Any CPU.ActiveCfg = Release|Any CPU
		{685C60A8-7521-42CB-B52D-77F53A2AE0AE}.Release|Any CPU.Build.0 = Release|Any CPU
		{068BADB7-B2F9-4DF3-AC20-7EBDFF83CC2F}.Debug|Any CPU.ActiveCfg = Debug|Any CPU
		{068BADB7-B2F9-4DF3-AC20-7EBDFF83CC2F}.Debug|Any CPU.Build.0 = Debug|Any CPU
		{068BADB7-B2F9-4DF3-AC20-7EBDFF83CC2F}.Release|Any CPU.ActiveCfg = Release|Any CPU
		{068BADB7-B2F9-4DF3-AC20-7EBDFF83CC2F}.Release|Any CPU.Build.0 = Release|Any CPU
		{1E95B1E3-83B6-47CD-8470-4CF60FA9BBDF}.Debug|Any CPU.ActiveCfg = Debug|Any CPU
		{1E95B1E3-83B6-47CD-8470-4CF60FA9BBDF}.Debug|Any CPU.Build.0 = Debug|Any CPU
		{1E95B1E3-83B6-47CD-8470-4CF60FA9BBDF}.Release|Any CPU.ActiveCfg = Release|Any CPU
		{1E95B1E3-83B6-47CD-8470-4CF60FA9BBDF}.Release|Any CPU.Build.0 = Release|Any CPU
		{8E3B8B12-9D01-4499-8E59-F17A71153E6F}.Debug|Any CPU.ActiveCfg = Debug|Any CPU
		{8E3B8B12-9D01-4499-8E59-F17A71153E6F}.Debug|Any CPU.Build.0 = Debug|Any CPU
		{8E3B8B12-9D01-4499-8E59-F17A71153E6F}.Release|Any CPU.ActiveCfg = Release|Any CPU
		{8E3B8B12-9D01-4499-8E59-F17A71153E6F}.Release|Any CPU.Build.0 = Release|Any CPU
		{2BEA1051-F6D9-494B-88F6-07B62292C4C4}.Debug|Any CPU.ActiveCfg = Debug|Any CPU
		{2BEA1051-F6D9-494B-88F6-07B62292C4C4}.Debug|Any CPU.Build.0 = Debug|Any CPU
		{2BEA1051-F6D9-494B-88F6-07B62292C4C4}.Release|Any CPU.ActiveCfg = Release|Any CPU
		{2BEA1051-F6D9-494B-88F6-07B62292C4C4}.Release|Any CPU.Build.0 = Release|Any CPU
	EndGlobalSection
	GlobalSection(SolutionProperties) = preSolution
		HideSolutionNode = FALSE
	EndGlobalSection
	GlobalSection(ExtensibilityGlobals) = postSolution
		SolutionGuid = {4144B336-F8BD-4AE1-9EC9-A0EC1C83F177}
	EndGlobalSection
EndGlobal
