
Microsoft Visual Studio Solution File, Format Version 12.00
# Visual Studio Version 16
VisualStudioVersion = 16.0.31702.278
MinimumVisualStudioVersion = 10.0.40219.1
Project("{FAE04EC0-301F-11D3-BF4B-00C04F79EFBC}") = "05. Decrypting Message", "05. Decrypting Message\05. Decrypting Message.csproj", "{1C95A038-3886-4B30-BE7F-A51BA93AEF6C}"
EndProject
Global
	GlobalSection(SolutionConfigurationPlatforms) = preSolution
		Debug|Any CPU = Debug|Any CPU
		Release|Any CPU = Release|Any CPU
	EndGlobalSection
	GlobalSection(ProjectConfigurationPlatforms) = postSolution
		{1C95A038-3886-4B30-BE7F-A51BA93AEF6C}.Debug|Any CPU.ActiveCfg = Debug|Any CPU
		{1C95A038-3886-4B30-BE7F-A51BA93AEF6C}.Debug|Any CPU.Build.0 = Debug|Any CPU
		{1C95A038-3886-4B30-BE7F-A51BA93AEF6C}.Release|Any CPU.ActiveCfg = Release|Any CPU
		{1C95A038-3886-4B30-BE7F-A51BA93AEF6C}.Release|Any CPU.Build.0 = Release|Any CPU
	EndGlobalSection
	GlobalSection(SolutionProperties) = preSolution
		HideSolutionNode = FALSE
	EndGlobalSection
	GlobalSection(ExtensibilityGlobals) = postSolution
		SolutionGuid = {3678CF98-2038-4881-BEE9-4A1296276482}
	EndGlobalSection
EndGlobal
