
Microsoft Visual Studio Solution File, Format Version 12.00
# Visual Studio Version 16
VisualStudioVersion = 16.0.31205.134
MinimumVisualStudioVersion = 10.0.40219.1
Project("{FAE04EC0-301F-11D3-BF4B-00C04F79EFBC}") = "5. Month Printer", "5. Month Printer.csproj", "{564963A4-A11C-4508-8776-D7515C9202D0}"
EndProject
Global
	GlobalSection(SolutionConfigurationPlatforms) = preSolution
		Debug|Any CPU = Debug|Any CPU
		Release|Any CPU = Release|Any CPU
	EndGlobalSection
	GlobalSection(ProjectConfigurationPlatforms) = postSolution
		{564963A4-A11C-4508-8776-D7515C9202D0}.Debug|Any CPU.ActiveCfg = Debug|Any CPU
		{564963A4-A11C-4508-8776-D7515C9202D0}.Debug|Any CPU.Build.0 = Debug|Any CPU
		{564963A4-A11C-4508-8776-D7515C9202D0}.Release|Any CPU.ActiveCfg = Release|Any CPU
		{564963A4-A11C-4508-8776-D7515C9202D0}.Release|Any CPU.Build.0 = Release|Any CPU
	EndGlobalSection
	GlobalSection(SolutionProperties) = preSolution
		HideSolutionNode = FALSE
	EndGlobalSection
	GlobalSection(ExtensibilityGlobals) = postSolution
		SolutionGuid = {B7FB8505-A4AC-4969-9B5C-75192A43AD41}
	EndGlobalSection
EndGlobal
