
Microsoft Visual Studio Solution File, Format Version 12.00
# Visual Studio Version 16
VisualStudioVersion = 16.0.31702.278
MinimumVisualStudioVersion = 10.0.40219.1
Project("{FAE04EC0-301F-11D3-BF4B-00C04F79EFBC}") = "04. Printing Triangle", "04. Printing Triangle\04. Printing Triangle.csproj", "{6168BCB3-2416-4542-A8A0-C4E52B07472C}"
EndProject
Global
	GlobalSection(SolutionConfigurationPlatforms) = preSolution
		Debug|Any CPU = Debug|Any CPU
		Release|Any CPU = Release|Any CPU
	EndGlobalSection
	GlobalSection(ProjectConfigurationPlatforms) = postSolution
		{6168BCB3-2416-4542-A8A0-C4E52B07472C}.Debug|Any CPU.ActiveCfg = Debug|Any CPU
		{6168BCB3-2416-4542-A8A0-C4E52B07472C}.Debug|Any CPU.Build.0 = Debug|Any CPU
		{6168BCB3-2416-4542-A8A0-C4E52B07472C}.Release|Any CPU.ActiveCfg = Release|Any CPU
		{6168BCB3-2416-4542-A8A0-C4E52B07472C}.Release|Any CPU.Build.0 = Release|Any CPU
	EndGlobalSection
	GlobalSection(SolutionProperties) = preSolution
		HideSolutionNode = FALSE
	EndGlobalSection
	GlobalSection(ExtensibilityGlobals) = postSolution
		SolutionGuid = {ABBD1776-0665-401A-9206-D1BBE1D42EE6}
	EndGlobalSection
EndGlobal
