
Microsoft Visual Studio Solution File, Format Version 12.00
# Visual Studio Version 16
VisualStudioVersion = 16.0.31702.278
MinimumVisualStudioVersion = 10.0.40219.1
Project("{FAE04EC0-301F-11D3-BF4B-00C04F79EFBC}") = "11. Snowballs", "11. Snowballs\11. Snowballs.csproj", "{E4E94D3B-B364-4499-8E08-00CF0C422FCF}"
EndProject
Global
	GlobalSection(SolutionConfigurationPlatforms) = preSolution
		Debug|Any CPU = Debug|Any CPU
		Release|Any CPU = Release|Any CPU
	EndGlobalSection
	GlobalSection(ProjectConfigurationPlatforms) = postSolution
		{E4E94D3B-B364-4499-8E08-00CF0C422FCF}.Debug|Any CPU.ActiveCfg = Debug|Any CPU
		{E4E94D3B-B364-4499-8E08-00CF0C422FCF}.Debug|Any CPU.Build.0 = Debug|Any CPU
		{E4E94D3B-B364-4499-8E08-00CF0C422FCF}.Release|Any CPU.ActiveCfg = Release|Any CPU
		{E4E94D3B-B364-4499-8E08-00CF0C422FCF}.Release|Any CPU.Build.0 = Release|Any CPU
	EndGlobalSection
	GlobalSection(SolutionProperties) = preSolution
		HideSolutionNode = FALSE
	EndGlobalSection
	GlobalSection(ExtensibilityGlobals) = postSolution
		SolutionGuid = {F9B2547B-D192-43C2-B474-D4B8713035F7}
	EndGlobalSection
EndGlobal
