
Microsoft Visual Studio Solution File, Format Version 12.00
# Visual Studio Version 16
VisualStudioVersion = 16.0.31702.278
MinimumVisualStudioVersion = 10.0.40219.1
Project("{FAE04EC0-301F-11D3-BF4B-00C04F79EFBC}") = "01. Smallest of Three Numbers", "01. Smallest of Three Numbers\01. Smallest of Three Numbers.csproj", "{61013EE2-CC26-4509-A308-79CBE1C5D758}"
EndProject
Global
	GlobalSection(SolutionConfigurationPlatforms) = preSolution
		Debug|Any CPU = Debug|Any CPU
		Release|Any CPU = Release|Any CPU
	EndGlobalSection
	GlobalSection(ProjectConfigurationPlatforms) = postSolution
		{61013EE2-CC26-4509-A308-79CBE1C5D758}.Debug|Any CPU.ActiveCfg = Debug|Any CPU
		{61013EE2-CC26-4509-A308-79CBE1C5D758}.Debug|Any CPU.Build.0 = Debug|Any CPU
		{61013EE2-CC26-4509-A308-79CBE1C5D758}.Release|Any CPU.ActiveCfg = Release|Any CPU
		{61013EE2-CC26-4509-A308-79CBE1C5D758}.Release|Any CPU.Build.0 = Release|Any CPU
	EndGlobalSection
	GlobalSection(SolutionProperties) = preSolution
		HideSolutionNode = FALSE
	EndGlobalSection
	GlobalSection(ExtensibilityGlobals) = postSolution
		SolutionGuid = {EF44E1BA-C672-4FAD-B20D-3F7350DE58BA}
	EndGlobalSection
EndGlobal
