
Microsoft Visual Studio Solution File, Format Version 12.00
# Visual Studio Version 16
VisualStudioVersion = 16.0.31702.278
MinimumVisualStudioVersion = 10.0.40219.1
Project("{FAE04EC0-301F-11D3-BF4B-00C04F79EFBC}") = "02. From Left to The Right", "02. From Left to The Right\02. From Left to The Right.csproj", "{EF20F529-3D9F-49A2-9609-AF9A59F69158}"
EndProject
Global
	GlobalSection(SolutionConfigurationPlatforms) = preSolution
		Debug|Any CPU = Debug|Any CPU
		Release|Any CPU = Release|Any CPU
	EndGlobalSection
	GlobalSection(ProjectConfigurationPlatforms) = postSolution
		{EF20F529-3D9F-49A2-9609-AF9A59F69158}.Debug|Any CPU.ActiveCfg = Debug|Any CPU
		{EF20F529-3D9F-49A2-9609-AF9A59F69158}.Debug|Any CPU.Build.0 = Debug|Any CPU
		{EF20F529-3D9F-49A2-9609-AF9A59F69158}.Release|Any CPU.ActiveCfg = Release|Any CPU
		{EF20F529-3D9F-49A2-9609-AF9A59F69158}.Release|Any CPU.Build.0 = Release|Any CPU
	EndGlobalSection
	GlobalSection(SolutionProperties) = preSolution
		HideSolutionNode = FALSE
	EndGlobalSection
	GlobalSection(ExtensibilityGlobals) = postSolution
		SolutionGuid = {EC3F755F-6003-4174-8F60-FECAB57AB31B}
	EndGlobalSection
EndGlobal
