
Microsoft Visual Studio Solution File, Format Version 12.00
# Visual Studio Version 16
VisualStudioVersion = 16.0.31702.278
MinimumVisualStudioVersion = 10.0.40219.1
Project("{FAE04EC0-301F-11D3-BF4B-00C04F79EFBC}") = "06. Store Boxes", "06. Store Boxes\06. Store Boxes.csproj", "{C274B5BE-7AD6-4FD3-865E-610F9CE0F58C}"
EndProject
Global
	GlobalSection(SolutionConfigurationPlatforms) = preSolution
		Debug|Any CPU = Debug|Any CPU
		Release|Any CPU = Release|Any CPU
	EndGlobalSection
	GlobalSection(ProjectConfigurationPlatforms) = postSolution
		{C274B5BE-7AD6-4FD3-865E-610F9CE0F58C}.Debug|Any CPU.ActiveCfg = Debug|Any CPU
		{C274B5BE-7AD6-4FD3-865E-610F9CE0F58C}.Debug|Any CPU.Build.0 = Debug|Any CPU
		{C274B5BE-7AD6-4FD3-865E-610F9CE0F58C}.Release|Any CPU.ActiveCfg = Release|Any CPU
		{C274B5BE-7AD6-4FD3-865E-610F9CE0F58C}.Release|Any CPU.Build.0 = Release|Any CPU
	EndGlobalSection
	GlobalSection(SolutionProperties) = preSolution
		HideSolutionNode = FALSE
	EndGlobalSection
	GlobalSection(ExtensibilityGlobals) = postSolution
		SolutionGuid = {D0C1C4D1-8590-4F59-AE97-4DF23F34316E}
	EndGlobalSection
EndGlobal
