
Microsoft Visual Studio Solution File, Format Version 12.00
# Visual Studio Version 16
VisualStudioVersion = 16.0.31702.278
MinimumVisualStudioVersion = 10.0.40219.1
Project("{FAE04EC0-301F-11D3-BF4B-00C04F79EFBC}") = "05. Teamwork Projects", "05. Teamwork Projects\05. Teamwork Projects.csproj", "{6FDCE3EC-4FB9-4898-B58D-619302A73A59}"
EndProject
Global
	GlobalSection(SolutionConfigurationPlatforms) = preSolution
		Debug|Any CPU = Debug|Any CPU
		Release|Any CPU = Release|Any CPU
	EndGlobalSection
	GlobalSection(ProjectConfigurationPlatforms) = postSolution
		{6FDCE3EC-4FB9-4898-B58D-619302A73A59}.Debug|Any CPU.ActiveCfg = Debug|Any CPU
		{6FDCE3EC-4FB9-4898-B58D-619302A73A59}.Debug|Any CPU.Build.0 = Debug|Any CPU
		{6FDCE3EC-4FB9-4898-B58D-619302A73A59}.Release|Any CPU.ActiveCfg = Release|Any CPU
		{6FDCE3EC-4FB9-4898-B58D-619302A73A59}.Release|Any CPU.Build.0 = Release|Any CPU
	EndGlobalSection
	GlobalSection(SolutionProperties) = preSolution
		HideSolutionNode = FALSE
	EndGlobalSection
	GlobalSection(ExtensibilityGlobals) = postSolution
		SolutionGuid = {91C555D6-F849-4063-91AF-A4740701A69B}
	EndGlobalSection
EndGlobal
