
Microsoft Visual Studio Solution File, Format Version 12.00
# Visual Studio Version 17
VisualStudioVersion = 17.0.31903.59
MinimumVisualStudioVersion = 10.0.40219.1
Project("{FAE04EC0-301F-11D3-BF4B-00C04F79EFBC}") = "8. Traffic Jam", "8. Traffic Jam\8. Traffic Jam.csproj", "{97C8F698-1A83-4792-8879-68938B781868}"
EndProject
Global
	GlobalSection(SolutionConfigurationPlatforms) = preSolution
		Debug|Any CPU = Debug|Any CPU
		Release|Any CPU = Release|Any CPU
	EndGlobalSection
	GlobalSection(ProjectConfigurationPlatforms) = postSolution
		{97C8F698-1A83-4792-8879-68938B781868}.Debug|Any CPU.ActiveCfg = Debug|Any CPU
		{97C8F698-1A83-4792-8879-68938B781868}.Debug|Any CPU.Build.0 = Debug|Any CPU
		{97C8F698-1A83-4792-8879-68938B781868}.Release|Any CPU.ActiveCfg = Release|Any CPU
		{97C8F698-1A83-4792-8879-68938B781868}.Release|Any CPU.Build.0 = Release|Any CPU
	EndGlobalSection
	GlobalSection(SolutionProperties) = preSolution
		HideSolutionNode = FALSE
	EndGlobalSection
	GlobalSection(ExtensibilityGlobals) = postSolution
		SolutionGuid = {463E0D06-B7A9-4C7D-BB71-8FF9A5C02B00}
	EndGlobalSection
EndGlobal
