
Microsoft Visual Studio Solution File, Format Version 12.00
# Visual Studio Version 16
VisualStudioVersion = 16.0.31702.278
MinimumVisualStudioVersion = 10.0.40219.1
Project("{FAE04EC0-301F-11D3-BF4B-00C04F79EFBC}") = "7. NxN Matrix", "7. NxN Matrix\7. NxN Matrix.csproj", "{AAE0A5A2-556F-4CF1-8077-F91551ADA712}"
EndProject
Global
	GlobalSection(SolutionConfigurationPlatforms) = preSolution
		Debug|Any CPU = Debug|Any CPU
		Release|Any CPU = Release|Any CPU
	EndGlobalSection
	GlobalSection(ProjectConfigurationPlatforms) = postSolution
		{AAE0A5A2-556F-4CF1-8077-F91551ADA712}.Debug|Any CPU.ActiveCfg = Debug|Any CPU
		{AAE0A5A2-556F-4CF1-8077-F91551ADA712}.Debug|Any CPU.Build.0 = Debug|Any CPU
		{AAE0A5A2-556F-4CF1-8077-F91551ADA712}.Release|Any CPU.ActiveCfg = Release|Any CPU
		{AAE0A5A2-556F-4CF1-8077-F91551ADA712}.Release|Any CPU.Build.0 = Release|Any CPU
	EndGlobalSection
	GlobalSection(SolutionProperties) = preSolution
		HideSolutionNode = FALSE
	EndGlobalSection
	GlobalSection(ExtensibilityGlobals) = postSolution
		SolutionGuid = {52616998-4BB2-47EC-84BB-82398414961B}
	EndGlobalSection
EndGlobal
