
Microsoft Visual Studio Solution File, Format Version 12.00
# Visual Studio Version 16
VisualStudioVersion = 16.0.31702.278
MinimumVisualStudioVersion = 10.0.40219.1
Project("{FAE04EC0-301F-11D3-BF4B-00C04F79EFBC}") = "04. Refactoring Prime Checker", "04. Refactoring Prime Checker\04. Refactoring Prime Checker.csproj", "{0EF50EB4-3DAF-4682-905A-1EEC9A79E5CB}"
EndProject
Global
	GlobalSection(SolutionConfigurationPlatforms) = preSolution
		Debug|Any CPU = Debug|Any CPU
		Release|Any CPU = Release|Any CPU
	EndGlobalSection
	GlobalSection(ProjectConfigurationPlatforms) = postSolution
		{0EF50EB4-3DAF-4682-905A-1EEC9A79E5CB}.Debug|Any CPU.ActiveCfg = Debug|Any CPU
		{0EF50EB4-3DAF-4682-905A-1EEC9A79E5CB}.Debug|Any CPU.Build.0 = Debug|Any CPU
		{0EF50EB4-3DAF-4682-905A-1EEC9A79E5CB}.Release|Any CPU.ActiveCfg = Release|Any CPU
		{0EF50EB4-3DAF-4682-905A-1EEC9A79E5CB}.Release|Any CPU.Build.0 = Release|Any CPU
	EndGlobalSection
	GlobalSection(SolutionProperties) = preSolution
		HideSolutionNode = FALSE
	EndGlobalSection
	GlobalSection(ExtensibilityGlobals) = postSolution
		SolutionGuid = {EA1AB2D5-6289-4814-98B1-7EEAD6D9F6A5}
	EndGlobalSection
EndGlobal
