
Microsoft Visual Studio Solution File, Format Version 12.00
# Visual Studio Version 16
VisualStudioVersion = 16.0.31205.134
MinimumVisualStudioVersion = 10.0.40219.1
Project("{FAE04EC0-301F-11D3-BF4B-00C04F79EFBC}") = "2. Print Numbers in Reverse Order", "2. Print Numbers in Reverse Order.csproj", "{47AA31C2-6C09-4BBA-85A7-DCCEBDCCACF8}"
EndProject
Global
	GlobalSection(SolutionConfigurationPlatforms) = preSolution
		Debug|Any CPU = Debug|Any CPU
		Release|Any CPU = Release|Any CPU
	EndGlobalSection
	GlobalSection(ProjectConfigurationPlatforms) = postSolution
		{47AA31C2-6C09-4BBA-85A7-DCCEBDCCACF8}.Debug|Any CPU.ActiveCfg = Debug|Any CPU
		{47AA31C2-6C09-4BBA-85A7-DCCEBDCCACF8}.Debug|Any CPU.Build.0 = Debug|Any CPU
		{47AA31C2-6C09-4BBA-85A7-DCCEBDCCACF8}.Release|Any CPU.ActiveCfg = Release|Any CPU
		{47AA31C2-6C09-4BBA-85A7-DCCEBDCCACF8}.Release|Any CPU.Build.0 = Release|Any CPU
	EndGlobalSection
	GlobalSection(SolutionProperties) = preSolution
		HideSolutionNode = FALSE
	EndGlobalSection
	GlobalSection(ExtensibilityGlobals) = postSolution
		SolutionGuid = {93B49BFE-9033-4340-BA0A-BB82A4A222E7}
	EndGlobalSection
EndGlobal
