
Microsoft Visual Studio Solution File, Format Version 12.00
# Visual Studio Version 16
VisualStudioVersion = 16.0.31702.278
MinimumVisualStudioVersion = 10.0.40219.1
Project("{FAE04EC0-301F-11D3-BF4B-00C04F79EFBC}") = "07. Append Arrays", "07. Append Arrays\07. Append Arrays.csproj", "{002A9103-D80C-4834-A7E1-3EC42A40FC8D}"
EndProject
Global
	GlobalSection(SolutionConfigurationPlatforms) = preSolution
		Debug|Any CPU = Debug|Any CPU
		Release|Any CPU = Release|Any CPU
	EndGlobalSection
	GlobalSection(ProjectConfigurationPlatforms) = postSolution
		{002A9103-D80C-4834-A7E1-3EC42A40FC8D}.Debug|Any CPU.ActiveCfg = Debug|Any CPU
		{002A9103-D80C-4834-A7E1-3EC42A40FC8D}.Debug|Any CPU.Build.0 = Debug|Any CPU
		{002A9103-D80C-4834-A7E1-3EC42A40FC8D}.Release|Any CPU.ActiveCfg = Release|Any CPU
		{002A9103-D80C-4834-A7E1-3EC42A40FC8D}.Release|Any CPU.Build.0 = Release|Any CPU
	EndGlobalSection
	GlobalSection(SolutionProperties) = preSolution
		HideSolutionNode = FALSE
	EndGlobalSection
	GlobalSection(ExtensibilityGlobals) = postSolution
		SolutionGuid = {399F7B14-FFC1-464F-A8C2-971863F9AF5E}
	EndGlobalSection
EndGlobal
